{
  "name": "smart-thermometer",
  "version": "0.0.1",
  "lockfileVersion": 1,
  "requires": true,
  "dependencies": {
    "homebridge-framework": {
      "version": "1.0.6",
      "resolved": "https://registry.npmjs.org/homebridge-framework/-/homebridge-framework-1.0.6.tgz",
      "integrity": "sha512-A4WJS6TYTZBlPrGvYR25+E2oqWGrP3mu2kzm6XC/4biZ8C2dv9aUFaqRWM2rEPZ0IZIPln1NJ/NA6M1/izZdwQ==",
      "dev": true
    }
  }
}
